
Microsoft Visual Studio Solution File, Format Version 12.00
# Visual Studio Version 17
VisualStudioVersion = 17.3.32901.215
MinimumVisualStudioVersion = 10.0.40219.1
Project("{FAE04EC0-301F-11D3-BF4B-00C04F79EFBC}") = "HuecasAppAdmin.Android", "HuecasAppAdmin.Android\HuecasAppAdmin.Android.csproj", "{86BA60D8-1220-4262-9279-176EE6D67C85}"
EndProject
Project("{FAE04EC0-301F-11D3-BF4B-00C04F79EFBC}") = "HuecasAppAdmin.iOS", "HuecasAppAdmin.iOS\HuecasAppAdmin.iOS.csproj", "{99F89FCF-ED08-4FE8-86AE-519200BC1A3E}"
EndProject
Project("{FAE04EC0-301F-11D3-BF4B-00C04F79EFBC}") = "HuecasAppAdmin", "HuecasAppAdmin\HuecasAppAdmin.csproj", "{E275DCDD-FF61-4F19-9202-9AE6F0EB4818}"
EndProject
Global
	GlobalSection(SolutionConfigurationPlatforms) = preSolution
		Debug|Any CPU = Debug|Any CPU
		Debug|iPhone = Debug|iPhone
		Debug|iPhoneSimulator = Debug|iPhoneSimulator
		Release|Any CPU = Release|Any CPU
		Release|iPhone = Release|iPhone
		Release|iPhoneSimulator = Release|iPhoneSimulator
	EndGlobalSection
	GlobalSection(ProjectConfigurationPlatforms) = postSolution
		{86BA60D8-1220-4262-9279-176EE6D67C85}.Debug|Any CPU.ActiveCfg = Debug|Any CPU
		{86BA60D8-1220-4262-9279-176EE6D67C85}.Debug|Any CPU.Build.0 = Debug|Any CPU
		{86BA60D8-1220-4262-9279-176EE6D67C85}.Debug|Any CPU.Deploy.0 = Debug|Any CPU
		{86BA60D8-1220-4262-9279-176EE6D67C85}.Debug|iPhone.ActiveCfg = Debug|Any CPU
		{86BA60D8-1220-4262-9279-176EE6D67C85}.Debug|iPhone.Build.0 = Debug|Any CPU
		{86BA60D8-1220-4262-9279-176EE6D67C85}.Debug|iPhone.Deploy.0 = Debug|Any CPU
		{86BA60D8-1220-4262-9279-176EE6D67C85}.Debug|iPhoneSimulator.ActiveCfg = Debug|Any CPU
		{86BA60D8-1220-4262-9279-176EE6D67C85}.Debug|iPhoneSimulator.Build.0 = Debug|Any CPU
		{86BA60D8-1220-4262-9279-176EE6D67C85}.Debug|iPhoneSimulator.Deploy.0 = Debug|Any CPU
		{86BA60D8-1220-4262-9279-176EE6D67C85}.Release|Any CPU.ActiveCfg = Release|Any CPU
		{86BA60D8-1220-4262-9279-176EE6D67C85}.Release|Any CPU.Build.0 = Release|Any CPU
		{86BA60D8-1220-4262-9279-176EE6D67C85}.Release|Any CPU.Deploy.0 = Release|Any CPU
		{86BA60D8-1220-4262-9279-176EE6D67C85}.Release|iPhone.ActiveCfg = Release|Any CPU
		{86BA60D8-1220-4262-9279-176EE6D67C85}.Release|iPhone.Build.0 = Release|Any CPU
		{86BA60D8-1220-4262-9279-176EE6D67C85}.Release|iPhone.Deploy.0 = Release|Any CPU
		{86BA60D8-1220-4262-9279-176EE6D67C85}.Release|iPhoneSimulator.ActiveCfg = Release|Any CPU
		{86BA60D8-1220-4262-9279-176EE6D67C85}.Release|iPhoneSimulator.Build.0 = Release|Any CPU
		{86BA60D8-1220-4262-9279-176EE6D67C85}.Release|iPhoneSimulator.Deploy.0 = Release|Any CPU
		{99F89FCF-ED08-4FE8-86AE-519200BC1A3E}.Debug|Any CPU.ActiveCfg = Debug|iPhone
		{99F89FCF-ED08-4FE8-86AE-519200BC1A3E}.Debug|Any CPU.Build.0 = Debug|iPhone
		{99F89FCF-ED08-4FE8-86AE-519200BC1A3E}.Debug|Any CPU.Deploy.0 = Debug|iPhone
		{99F89FCF-ED08-4FE8-86AE-519200BC1A3E}.Debug|iPhone.ActiveCfg = Debug|iPhone
		{99F89FCF-ED08-4FE8-86AE-519200BC1A3E}.Debug|iPhone.Build.0 = Debug|iPhone
		{99F89FCF-ED08-4FE8-86AE-519200BC1A3E}.Debug|iPhone.Deploy.0 = Debug|iPhone
		{99F89FCF-ED08-4FE8-86AE-519200BC1A3E}.Debug|iPhoneSimulator.ActiveCfg = Debug|iPhoneSimulator
		{99F89FCF-ED08-4FE8-86AE-519200BC1A3E}.Debug|iPhoneSimulator.Build.0 = Debug|iPhoneSimulator
		{99F89FCF-ED08-4FE8-86AE-519200BC1A3E}.Debug|iPhoneSimulator.Deploy.0 = Debug|iPhoneSimulator
		{99F89FCF-ED08-4FE8-86AE-519200BC1A3E}.Release|Any CPU.ActiveCfg = Release|iPhoneSimulator
		{99F89FCF-ED08-4FE8-86AE-519200BC1A3E}.Release|Any CPU.Build.0 = Release|iPhoneSimulator
		{99F89FCF-ED08-4FE8-86AE-519200BC1A3E}.Release|Any CPU.Deploy.0 = Release|iPhoneSimulator
		{99F89FCF-ED08-4FE8-86AE-519200BC1A3E}.Release|iPhone.ActiveCfg = Release|iPhone
		{99F89FCF-ED08-4FE8-86AE-519200BC1A3E}.Release|iPhone.Build.0 = Release|iPhone
		{99F89FCF-ED08-4FE8-86AE-519200BC1A3E}.Release|iPhone.Deploy.0 = Release|iPhone
		{99F89FCF-ED08-4FE8-86AE-519200BC1A3E}.Release|iPhoneSimulator.ActiveCfg = Release|iPhoneSimulator
		{99F89FCF-ED08-4FE8-86AE-519200BC1A3E}.Release|iPhoneSimulator.Build.0 = Release|iPhoneSimulator
		{99F89FCF-ED08-4FE8-86AE-519200BC1A3E}.Release|iPhoneSimulator.Deploy.0 = Release|iPhoneSimulator
		{E275DCDD-FF61-4F19-9202-9AE6F0EB4818}.Debug|Any CPU.ActiveCfg = Debug|Any CPU
		{E275DCDD-FF61-4F19-9202-9AE6F0EB4818}.Debug|Any CPU.Build.0 = Debug|Any CPU
		{E275DCDD-FF61-4F19-9202-9AE6F0EB4818}.Debug|Any CPU.Deploy.0 = Debug|Any CPU
		{E275DCDD-FF61-4F19-9202-9AE6F0EB4818}.Debug|iPhone.ActiveCfg = Debug|Any CPU
		{E275DCDD-FF61-4F19-9202-9AE6F0EB4818}.Debug|iPhone.Build.0 = Debug|Any CPU
		{E275DCDD-FF61-4F19-9202-9AE6F0EB4818}.Debug|iPhone.Deploy.0 = Debug|Any CPU
		{E275DCDD-FF61-4F19-9202-9AE6F0EB4818}.Debug|iPhoneSimulator.ActiveCfg = Debug|Any CPU
		{E275DCDD-FF61-4F19-9202-9AE6F0EB4818}.Debug|iPhoneSimulator.Build.0 = Debug|Any CPU
		{E275DCDD-FF61-4F19-9202-9AE6F0EB4818}.Debug|iPhoneSimulator.Deploy.0 = Debug|Any CPU
		{E275DCDD-FF61-4F19-9202-9AE6F0EB4818}.Release|Any CPU.ActiveCfg = Release|Any CPU
		{E275DCDD-FF61-4F19-9202-9AE6F0EB4818}.Release|Any CPU.Build.0 = Release|Any CPU
		{E275DCDD-FF61-4F19-9202-9AE6F0EB4818}.Release|Any CPU.Deploy.0 = Release|Any CPU
		{E275DCDD-FF61-4F19-9202-9AE6F0EB4818}.Release|iPhone.ActiveCfg = Release|Any CPU
		{E275DCDD-FF61-4F19-9202-9AE6F0EB4818}.Release|iPhone.Build.0 = Release|Any CPU
		{E275DCDD-FF61-4F19-9202-9AE6F0EB4818}.Release|iPhone.Deploy.0 = Release|Any CPU
		{E275DCDD-FF61-4F19-9202-9AE6F0EB4818}.Release|iPhoneSimulator.ActiveCfg = Release|Any CPU
		{E275DCDD-FF61-4F19-9202-9AE6F0EB4818}.Release|iPhoneSimulator.Build.0 = Release|Any CPU
		{E275DCDD-FF61-4F19-9202-9AE6F0EB4818}.Release|iPhoneSimulator.Deploy.0 = Release|Any CPU
	EndGlobalSection
	GlobalSection(SolutionProperties) = preSolution
		HideSolutionNode = FALSE
	EndGlobalSection
	GlobalSection(ExtensibilityGlobals) = postSolution
		SolutionGuid = {52C8E554-795F-4750-9026-34E93985D8C9}
	EndGlobalSection
EndGlobal
